
Microsoft Visual Studio Solution File, Format Version 12.00
# Visual Studio Version 16
VisualStudioVersion = 16.0.30907.101
MinimumVisualStudioVersion = 10.0.40219.1
Project("{FAE04EC0-301F-11D3-BF4B-00C04F79EFBC}") = "Entities", "Entities\Entities.csproj", "{72322725-4B4F-4690-86AD-60A3821EE742}"
EndProject
Project("{FAE04EC0-301F-11D3-BF4B-00C04F79EFBC}") = "DataAccess", "DataAccess\DataAccess.csproj", "{3852FC4F-FA12-4C4A-914D-77702B61A0CF}"
EndProject
Project("{FAE04EC0-301F-11D3-BF4B-00C04F79EFBC}") = "Buisness", "Buisness\Buisness.csproj", "{2EB20BE1-A613-4A46-885C-DB6F70D6F178}"
EndProject
Project("{FAE04EC0-301F-11D3-BF4B-00C04F79EFBC}") = "ConsoleUI", "ConsoleUI\ConsoleUI.csproj", "{C231997D-3A5A-4E71-A3A0-92765688007D}"
EndProject
Global
	GlobalSection(SolutionConfigurationPlatforms) = preSolution
		Debug|Any CPU = Debug|Any CPU
		Release|Any CPU = Release|Any CPU
	EndGlobalSection
	GlobalSection(ProjectConfigurationPlatforms) = postSolution
		{72322725-4B4F-4690-86AD-60A3821EE742}.Debug|Any CPU.ActiveCfg = Debug|Any CPU
		{72322725-4B4F-4690-86AD-60A3821EE742}.Debug|Any CPU.Build.0 = Debug|Any CPU
		{72322725-4B4F-4690-86AD-60A3821EE742}.Release|Any CPU.ActiveCfg = Release|Any CPU
		{72322725-4B4F-4690-86AD-60A3821EE742}.Release|Any CPU.Build.0 = Release|Any CPU
		{3852FC4F-FA12-4C4A-914D-77702B61A0CF}.Debug|Any CPU.ActiveCfg = Debug|Any CPU
		{3852FC4F-FA12-4C4A-914D-77702B61A0CF}.Debug|Any CPU.Build.0 = Debug|Any CPU
		{3852FC4F-FA12-4C4A-914D-77702B61A0CF}.Release|Any CPU.ActiveCfg = Release|Any CPU
		{3852FC4F-FA12-4C4A-914D-77702B61A0CF}.Release|Any CPU.Build.0 = Release|Any CPU
		{2EB20BE1-A613-4A46-885C-DB6F70D6F178}.Debug|Any CPU.ActiveCfg = Debug|Any CPU
		{2EB20BE1-A613-4A46-885C-DB6F70D6F178}.Debug|Any CPU.Build.0 = Debug|Any CPU
		{2EB20BE1-A613-4A46-885C-DB6F70D6F178}.Release|Any CPU.ActiveCfg = Release|Any CPU
		{2EB20BE1-A613-4A46-885C-DB6F70D6F178}.Release|Any CPU.Build.0 = Release|Any CPU
		{C231997D-3A5A-4E71-A3A0-92765688007D}.Debug|Any CPU.ActiveCfg = Debug|Any CPU
		{C231997D-3A5A-4E71-A3A0-92765688007D}.Debug|Any CPU.Build.0 = Debug|Any CPU
		{C231997D-3A5A-4E71-A3A0-92765688007D}.Release|Any CPU.ActiveCfg = Release|Any CPU
		{C231997D-3A5A-4E71-A3A0-92765688007D}.Release|Any CPU.Build.0 = Release|Any CPU
	EndGlobalSection
	GlobalSection(SolutionProperties) = preSolution
		HideSolutionNode = FALSE
	EndGlobalSection
	GlobalSection(ExtensibilityGlobals) = postSolution
		SolutionGuid = {BA9337B0-5290-40B6-84F2-274905BE24DD}
	EndGlobalSection
EndGlobal
